
Microsoft Visual Studio Solution File, Format Version 12.00
# Visual Studio 15
VisualStudioVersion = 15.0.27130.2010
MinimumVisualStudioVersion = 10.0.40219.1
Project("{FAE04EC0-301F-11D3-BF4B-00C04F79EFBC}") = "RentACar.UI", "FLMS.Android\RentACar.UI.csproj", "{280C9F70-2427-4220-8FDE-78D26E4CBB47}"
EndProject
Global
	GlobalSection(SolutionConfigurationPlatforms) = preSolution
		Debug|Any CPU = Debug|Any CPU
		Release|Any CPU = Release|Any CPU
	EndGlobalSection
	GlobalSection(ProjectConfigurationPlatforms) = postSolution
		{280C9F70-2427-4220-8FDE-78D26E4CBB47}.Debug|Any CPU.ActiveCfg = Debug|Any CPU
		{280C9F70-2427-4220-8FDE-78D26E4CBB47}.Debug|Any CPU.Build.0 = Debug|Any CPU
		{280C9F70-2427-4220-8FDE-78D26E4CBB47}.Debug|Any CPU.Deploy.0 = Debug|Any CPU
		{280C9F70-2427-4220-8FDE-78D26E4CBB47}.Release|Any CPU.ActiveCfg = Release|Any CPU
		{280C9F70-2427-4220-8FDE-78D26E4CBB47}.Release|Any CPU.Build.0 = Release|Any CPU
		{280C9F70-2427-4220-8FDE-78D26E4CBB47}.Release|Any CPU.Deploy.0 = Release|Any CPU
	EndGlobalSection
	GlobalSection(SolutionProperties) = preSolution
		HideSolutionNode = FALSE
	EndGlobalSection
	GlobalSection(ExtensibilityGlobals) = postSolution
		SolutionGuid = {9502269A-6900-4267-8CEC-1552F0CC1B4D}
	EndGlobalSection
EndGlobal
